
Microsoft Visual Studio Solution File, Format Version 12.00
# Visual Studio Version 16
VisualStudioVersion = 16.0.29926.136
MinimumVisualStudioVersion = 10.0.40219.1
Project("{9A19103F-16F7-4668-BE54-9A1E7A4F7556}") = "XboxResearchFramework", "XboxResearchFramework\XboxResearchFramework.csproj", "{5D855C07-A823-400D-A84D-16E02475F85A}"
EndProject
Project("{9A19103F-16F7-4668-BE54-9A1E7A4F7556}") = "XboxResearchFramework_Sample", "XboxResearchFramework_Sample\XboxResearchFramework_Sample.csproj", "{02BB279A-E809-4D90-AEC0-C6166B469A61}"
EndProject
Global
	GlobalSection(SolutionConfigurationPlatforms) = preSolution
		Debug|Any CPU = Debug|Any CPU
		Release|Any CPU = Release|Any CPU
	EndGlobalSection
	GlobalSection(ProjectConfigurationPlatforms) = postSolution
		{5D855C07-A823-400D-A84D-16E02475F85A}.Debug|Any CPU.ActiveCfg = Debug|Any CPU
		{5D855C07-A823-400D-A84D-16E02475F85A}.Debug|Any CPU.Build.0 = Debug|Any CPU
		{5D855C07-A823-400D-A84D-16E02475F85A}.Release|Any CPU.ActiveCfg = Release|Any CPU
		{5D855C07-A823-400D-A84D-16E02475F85A}.Release|Any CPU.Build.0 = Release|Any CPU
		{02BB279A-E809-4D90-AEC0-C6166B469A61}.Debug|Any CPU.ActiveCfg = Debug|Any CPU
		{02BB279A-E809-4D90-AEC0-C6166B469A61}.Debug|Any CPU.Build.0 = Debug|Any CPU
		{02BB279A-E809-4D90-AEC0-C6166B469A61}.Release|Any CPU.ActiveCfg = Release|Any CPU
		{02BB279A-E809-4D90-AEC0-C6166B469A61}.Release|Any CPU.Build.0 = Release|Any CPU
	EndGlobalSection
	GlobalSection(SolutionProperties) = preSolution
		HideSolutionNode = FALSE
	EndGlobalSection
	GlobalSection(ExtensibilityGlobals) = postSolution
		SolutionGuid = {7B6327EE-DB96-490E-80F7-7F5A479B705F}
	EndGlobalSection
EndGlobal
